// !$*UTF8*$!
{
	archiveVersion = 1;
	classes = {
	};
	objectVersion = 55;
	objects = {

/* Begin PBXBuildFile section */
		C1512C622822E0FE0008019D /* ios_NC1_memochatApp.swift in Sources */ = {isa = PBXBuildFile; fileRef = C1512C612822E0FE0008019D /* ios_NC1_memochatApp.swift */; };
		C1512C642822E0FE0008019D /* ContentView.swift in Sources */ = {isa = PBXBuildFile; fileRef = C1512C632822E0FE0008019D /* ContentView.swift */; };
		C1512C662822E0FE0008019D /* Assets.xcassets in Resources */ = {isa = PBXBuildFile; fileRef = C1512C652822E0FE0008019D /* Assets.xcassets */; };
		C1512C692822E0FE0008019D /* Preview Assets.xcassets in Resources */ = {isa = PBXBuildFile; fileRef = C1512C682822E0FE0008019D /* Preview Assets.xcassets */; };
		C1512C702822E13D0008019D /* MemoRoom.swift in Sources */ = {isa = PBXBuildFile; fileRef = C1512C6F2822E13D0008019D /* MemoRoom.swift */; };
		C1512C722822E36F0008019D /* ModelData.swift in Sources */ = {isa = PBXBuildFile; fileRef = C1512C712822E36F0008019D /* ModelData.swift */; };
		C1512C742822E40E0008019D /* MemoRoomData.json in Resources */ = {isa = PBXBuildFile; fileRef = C1512C732822E40E0008019D /* MemoRoomData.json */; };
		C1512C772822E62A0008019D /* RoomRow.swift in Sources */ = {isa = PBXBuildFile; fileRef = C1512C762822E62A0008019D /* RoomRow.swift */; };
		C1512C792823A13E0008019D /* RoomList.swift in Sources */ = {isa = PBXBuildFile; fileRef = C1512C782823A13E0008019D /* RoomList.swift */; };
		C1512C7B2823A5DA0008019D /* ChatView.swift in Sources */ = {isa = PBXBuildFile; fileRef = C1512C7A2823A5DA0008019D /* ChatView.swift */; };
		C1B3656D2823F15200F65EA8 /* FavoriteRoomList.swift in Sources */ = {isa = PBXBuildFile; fileRef = C1B3656C2823F15200F65EA8 /* FavoriteRoomList.swift */; };
		C1B365712823F1F100F65EA8 /* RoomView.swift in Sources */ = {isa = PBXBuildFile; fileRef = C1B365702823F1F100F65EA8 /* RoomView.swift */; };
		C1B365732823F2AB00F65EA8 /* FavoriteRoomRow.swift in Sources */ = {isa = PBXBuildFile; fileRef = C1B365722823F2AB00F65EA8 /* FavoriteRoomRow.swift */; };
		C1B365752823FA4900F65EA8 /* FavoriteButton.swift in Sources */ = {isa = PBXBuildFile; fileRef = C1B365742823FA4900F65EA8 /* FavoriteButton.swift */; };
/* End PBXBuildFile section */

/* Begin PBXFileReference section */
		C1512C5E2822E0FE0008019D /* ios-NC1-memochat.app */ = {isa = PBXFileReference; explicitFileType = wrapper.application; includeInIndex = 0; path = "ios-NC1-memochat.app"; sourceTree = BUILT_PRODUCTS_DIR; };
		C1512C612822E0FE0008019D /* ios_NC1_memochatApp.swift */ = {isa = PBXFileReference; lastKnownFileType = sourcecode.swift; path = ios_NC1_memochatApp.swift; sourceTree = "<group>"; };
		C1512C632822E0FE0008019D /* ContentView.swift */ = {isa = PBXFileReference; lastKnownFileType = sourcecode.swift; path = ContentView.swift; sourceTree = "<group>"; };
		C1512C652822E0FE0008019D /* Assets.xcassets */ = {isa = PBXFileReference; lastKnownFileType = folder.assetcatalog; path = Assets.xcassets; sourceTree = "<group>"; };
		C1512C682822E0FE0008019D /* Preview Assets.xcassets */ = {isa = PBXFileReference; lastKnownFileType = folder.assetcatalog; path = "Preview Assets.xcassets"; sourceTree = "<group>"; };
		C1512C6F2822E13D0008019D /* MemoRoom.swift */ = {isa = PBXFileReference; lastKnownFileType = sourcecode.swift; path = MemoRoom.swift; sourceTree = "<group>"; };
		C1512C712822E36F0008019D /* ModelData.swift */ = {isa = PBXFileReference; lastKnownFileType = sourcecode.swift; path = ModelData.swift; sourceTree = "<group>"; };
		C1512C732822E40E0008019D /* MemoRoomData.json */ = {isa = PBXFileReference; fileEncoding = 4; lastKnownFileType = text.json; path = MemoRoomData.json; sourceTree = "<group>"; };
		C1512C762822E62A0008019D /* RoomRow.swift */ = {isa = PBXFileReference; lastKnownFileType = sourcecode.swift; path = RoomRow.swift; sourceTree = "<group>"; };
		C1512C782823A13E0008019D /* RoomList.swift */ = {isa = PBXFileReference; lastKnownFileType = sourcecode.swift; path = RoomList.swift; sourceTree = "<group>"; };
		C1512C7A2823A5DA0008019D /* ChatView.swift */ = {isa = PBXFileReference; lastKnownFileType = sourcecode.swift; path = ChatView.swift; sourceTree = "<group>"; };
		C1B3656C2823F15200F65EA8 /* FavoriteRoomList.swift */ = {isa = PBXFileReference; lastKnownFileType = sourcecode.swift; path = FavoriteRoomList.swift; sourceTree = "<group>"; };
		C1B365702823F1F100F65EA8 /* RoomView.swift */ = {isa = PBXFileReference; lastKnownFileType = sourcecode.swift; path = RoomView.swift; sourceTree = "<group>"; };
		C1B365722823F2AB00F65EA8 /* FavoriteRoomRow.swift */ = {isa = PBXFileReference; lastKnownFileType = sourcecode.swift; path = FavoriteRoomRow.swift; sourceTree = "<group>"; };
		C1B365742823FA4900F65EA8 /* FavoriteButton.swift */ = {isa = PBXFileReference; lastKnownFileType = sourcecode.swift; path = FavoriteButton.swift; sourceTree = "<group>"; };
/* End PBXFileReference section */

/* Begin PBXFrameworksBuildPhase section */
		C1512C5B2822E0FE0008019D /* Frameworks */ = {
			isa = PBXFrameworksBuildPhase;
			buildActionMask = 2147483647;
			files = (
			);
			runOnlyForDeploymentPostprocessing = 0;
		};
/* End PBXFrameworksBuildPhase section */

/* Begin PBXGroup section */
		C1512C552822E0FE0008019D = {
			isa = PBXGroup;
			children = (
				C1512C602822E0FE0008019D /* ios-NC1-memochat */,
				C1512C5F2822E0FE0008019D /* Products */,
			);
			sourceTree = "<group>";
		};
		C1512C5F2822E0FE0008019D /* Products */ = {
			isa = PBXGroup;
			children = (
				C1512C5E2822E0FE0008019D /* ios-NC1-memochat.app */,
			);
			name = Products;
			sourceTree = "<group>";
		};
		C1512C602822E0FE0008019D /* ios-NC1-memochat */ = {
			isa = PBXGroup;
			children = (
				C1512C612822E0FE0008019D /* ios_NC1_memochatApp.swift */,
				C1B3656E2823F1B400F65EA8 /* View */,
				C1B3656F2823F1D800F65EA8 /* Element */,
				C1512C752822E5AF0008019D /* Model */,
				C1512C652822E0FE0008019D /* Assets.xcassets */,
				C1512C672822E0FE0008019D /* Preview Content */,
			);
			path = "ios-NC1-memochat";
			sourceTree = "<group>";
		};
		C1512C672822E0FE0008019D /* Preview Content */ = {
			isa = PBXGroup;
			children = (
				C1512C682822E0FE0008019D /* Preview Assets.xcassets */,
			);
			path = "Preview Content";
			sourceTree = "<group>";
		};
		C1512C752822E5AF0008019D /* Model */ = {
			isa = PBXGroup;
			children = (
				C1512C6F2822E13D0008019D /* MemoRoom.swift */,
				C1512C712822E36F0008019D /* ModelData.swift */,
				C1512C732822E40E0008019D /* MemoRoomData.json */,
			);
			path = Model;
			sourceTree = "<group>";
		};
		C1B3656E2823F1B400F65EA8 /* View */ = {
			isa = PBXGroup;
			children = (
				C1512C7A2823A5DA0008019D /* ChatView.swift */,
				C1512C632822E0FE0008019D /* ContentView.swift */,
				C1B365702823F1F100F65EA8 /* RoomView.swift */,
			);
			path = View;
			sourceTree = "<group>";
		};
		C1B3656F2823F1D800F65EA8 /* Element */ = {
			isa = PBXGroup;
			children = (
				C1512C762822E62A0008019D /* RoomRow.swift */,
				C1B365742823FA4900F65EA8 /* FavoriteButton.swift */,
				C1B365722823F2AB00F65EA8 /* FavoriteRoomRow.swift */,
				C1512C782823A13E0008019D /* RoomList.swift */,
				C1B3656C2823F15200F65EA8 /* FavoriteRoomList.swift */,
			);
			path = Element;
			sourceTree = "<group>";
		};
/* End PBXGroup section */

/* Begin PBXNativeTarget section */
		C1512C5D2822E0FE0008019D /* ios-NC1-memochat */ = {
			isa = PBXNativeTarget;
			buildConfigurationList = C1512C6C2822E0FE0008019D /* Build configuration list for PBXNativeTarget "ios-NC1-memochat" */;
			buildPhases = (
				C1512C5A2822E0FE0008019D /* Sources */,
				C1512C5B2822E0FE0008019D /* Frameworks */,
				C1512C5C2822E0FE0008019D /* Resources */,
			);
			buildRules = (
			);
			dependencies = (
			);
			name = "ios-NC1-memochat";
			productName = "ios-NC1-memochat";
			productReference = C1512C5E2822E0FE0008019D /* ios-NC1-memochat.app */;
			productType = "com.apple.product-type.application";
		};
/* End PBXNativeTarget section */

/* Begin PBXProject section */
		C1512C562822E0FE0008019D /* Project object */ = {
			isa = PBXProject;
			attributes = {
				BuildIndependentTargetsInParallel = 1;
				LastSwiftUpdateCheck = 1330;
				LastUpgradeCheck = 1330;
				TargetAttributes = {
					C1512C5D2822E0FE0008019D = {
						CreatedOnToolsVersion = 13.3;
					};
				};
			};
			buildConfigurationList = C1512C592822E0FE0008019D /* Build configuration list for PBXProject "ios-NC1-memochat" */;
			compatibilityVersion = "Xcode 13.0";
			developmentRegion = en;
			hasScannedForEncodings = 0;
			knownRegions = (
				en,
				Base,
			);
			mainGroup = C1512C552822E0FE0008019D;
			productRefGroup = C1512C5F2822E0FE0008019D /* Products */;
			projectDirPath = "";
			projectRoot = "";
			targets = (
				C1512C5D2822E0FE0008019D /* ios-NC1-memochat */,
			);
		};
/* End PBXProject section */

/* Begin PBXResourcesBuildPhase section */
		C1512C5C2822E0FE0008019D /* Resources */ = {
			isa = PBXResourcesBuildPhase;
			buildActionMask = 2147483647;
			files = (
				C1512C692822E0FE0008019D /* Preview Assets.xcassets in Resources */,
				C1512C662822E0FE0008019D /* Assets.xcassets in Resources */,
				C1512C742822E40E0008019D /* MemoRoomData.json in Resources */,
			);
			runOnlyForDeploymentPostprocessing = 0;
		};
/* End PBXResourcesBuildPhase section */

/* Begin PBXSourcesBuildPhase section */
		C1512C5A2822E0FE0008019D /* Sources */ = {
			isa = PBXSourcesBuildPhase;
			buildActionMask = 2147483647;
			files = (
				C1B365712823F1F100F65EA8 /* RoomView.swift in Sources */,
				C1B365732823F2AB00F65EA8 /* FavoriteRoomRow.swift in Sources */,
				C1512C792823A13E0008019D /* RoomList.swift in Sources */,
				C1512C702822E13D0008019D /* MemoRoom.swift in Sources */,
				C1B3656D2823F15200F65EA8 /* FavoriteRoomList.swift in Sources */,
				C1512C722822E36F0008019D /* ModelData.swift in Sources */,
				C1512C642822E0FE0008019D /* ContentView.swift in Sources */,
				C1512C7B2823A5DA0008019D /* ChatView.swift in Sources */,
				C1512C622822E0FE0008019D /* ios_NC1_memochatApp.swift in Sources */,
				C1B365752823FA4900F65EA8 /* FavoriteButton.swift in Sources */,
				C1512C772822E62A0008019D /* RoomRow.swift in Sources */,
			);
			runOnlyForDeploymentPostprocessing = 0;
		};
/* End PBXSourcesBuildPhase section */

/* Begin XCBuildConfiguration section */
		C1512C6A2822E0FE0008019D /* Debug */ = {
			isa = XCBuildConfiguration;
			buildSettings = {
				ALWAYS_SEARCH_USER_PATHS = NO;
				CLANG_ANALYZER_NONNULL = YES;
				CLANG_ANALYZER_NUMBER_OBJECT_CONVERSION = YES_AGGRESSIVE;
				CLANG_CXX_LANGUAGE_STANDARD = "gnu++17";
				CLANG_ENABLE_MODULES = YES;
				CLANG_ENABLE_OBJC_ARC = YES;
				CLANG_ENABLE_OBJC_WEAK = YES;
				CLANG_WARN_BLOCK_CAPTURE_AUTORELEASING = YES;
				CLANG_WARN_BOOL_CONVERSION = YES;
				CLANG_WARN_COMMA = YES;
				CLANG_WARN_CONSTANT_CONVERSION = YES;
				CLANG_WARN_DEPRECATED_OBJC_IMPLEMENTATIONS = YES;
				CLANG_WARN_DIRECT_OBJC_ISA_USAGE = YES_ERROR;
				CLANG_WARN_DOCUMENTATION_COMMENTS = YES;
				CLANG_WARN_EMPTY_BODY = YES;
				CLANG_WARN_ENUM_CONVERSION = YES;
				CLANG_WARN_INFINITE_RECURSION = YES;
				CLANG_WARN_INT_CONVERSION = YES;
				CLANG_WARN_NON_LITERAL_NULL_CONVERSION = YES;
				CLANG_WARN_OBJC_IMPLICIT_RETAIN_SELF = YES;
				CLANG_WARN_OBJC_LITERAL_CONVERSION = YES;
				CLANG_WARN_OBJC_ROOT_CLASS = YES_ERROR;
				CLANG_WARN_QUOTED_INCLUDE_IN_FRAMEWORK_HEADER = YES;
				CLANG_WARN_RANGE_LOOP_ANALYSIS = YES;
				CLANG_WARN_STRICT_PROTOTYPES = YES;
				CLANG_WARN_SUSPICIOUS_MOVE = YES;
				CLANG_WARN_UNGUARDED_AVAILABILITY = YES_AGGRESSIVE;
				CLANG_WARN_UNREACHABLE_CODE = YES;
				CLANG_WARN__DUPLICATE_METHOD_MATCH = YES;
				COPY_PHASE_STRIP = NO;
				DEBUG_INFORMATION_FORMAT = dwarf;
				ENABLE_STRICT_OBJC_MSGSEND = YES;
				ENABLE_TESTABILITY = YES;
				GCC_C_LANGUAGE_STANDARD = gnu11;
				GCC_DYNAMIC_NO_PIC = NO;
				GCC_NO_COMMON_BLOCKS = YES;
				GCC_OPTIMIZATION_LEVEL = 0;
				GCC_PREPROCESSOR_DEFINITIONS = (
					"DEBUG=1",
					"$(inherited)",
				);
				GCC_WARN_64_TO_32_BIT_CONVERSION = YES;
				GCC_WARN_ABOUT_RETURN_TYPE = YES_ERROR;
				GCC_WARN_UNDECLARED_SELECTOR = YES;
				GCC_WARN_UNINITIALIZED_AUTOS = YES_AGGRESSIVE;
				GCC_WARN_UNUSED_FUNCTION = YES;
				GCC_WARN_UNUSED_VARIABLE = YES;
				IPHONEOS_DEPLOYMENT_TARGET = 15.4;
				MTL_ENABLE_DEBUG_INFO = INCLUDE_SOURCE;
				MTL_FAST_MATH = YES;
				ONLY_ACTIVE_ARCH = YES;
				SDKROOT = iphoneos;
				SWIFT_ACTIVE_COMPILATION_CONDITIONS = DEBUG;
				SWIFT_OPTIMIZATION_LEVEL = "-Onone";
			};
			name = Debug;
		};
		C1512C6B2822E0FE0008019D /* Release */ = {
			isa = XCBuildConfiguration;
			buildSettings = {
				ALWAYS_SEARCH_USER_PATHS = NO;
				CLANG_ANALYZER_NONNULL = YES;
				CLANG_ANALYZER_NUMBER_OBJECT_CONVERSION = YES_AGGRESSIVE;
				CLANG_CXX_LANGUAGE_STANDARD = "gnu++17";
				CLANG_ENABLE_MODULES = YES;
				CLANG_ENABLE_OBJC_ARC = YES;
				CLANG_ENABLE_OBJC_WEAK = YES;
				CLANG_WARN_BLOCK_CAPTURE_AUTORELEASING = YES;
				CLANG_WARN_BOOL_CONVERSION = YES;
				CLANG_WARN_COMMA = YES;
				CLANG_WARN_CONSTANT_CONVERSION = YES;
				CLANG_WARN_DEPRECATED_OBJC_IMPLEMENTATIONS = YES;
				CLANG_WARN_DIRECT_OBJC_ISA_USAGE = YES_ERROR;
				CLANG_WARN_DOCUMENTATION_COMMENTS = YES;
				CLANG_WARN_EMPTY_BODY = YES;
				CLANG_WARN_ENUM_CONVERSION = YES;
				CLANG_WARN_INFINITE_RECURSION = YES;
				CLANG_WARN_INT_CONVERSION = YES;
				CLANG_WARN_NON_LITERAL_NULL_CONVERSION = YES;
				CLANG_WARN_OBJC_IMPLICIT_RETAIN_SELF = YES;
				CLANG_WARN_OBJC_LITERAL_CONVERSION = YES;
				CLANG_WARN_OBJC_ROOT_CLASS = YES_ERROR;
				CLANG_WARN_QUOTED_INCLUDE_IN_FRAMEWORK_HEADER = YES;
				CLANG_WARN_RANGE_LOOP_ANALYSIS = YES;
				CLANG_WARN_STRICT_PROTOTYPES = YES;
				CLANG_WARN_SUSPICIOUS_MOVE = YES;
				CLANG_WARN_UNGUARDED_AVAILABILITY = YES_AGGRESSIVE;
				CLANG_WARN_UNREACHABLE_CODE = YES;
				CLANG_WARN__DUPLICATE_METHOD_MATCH = YES;
				COPY_PHASE_STRIP = NO;
				DEBUG_INFORMATION_FORMAT = "dwarf-with-dsym";
				ENABLE_NS_ASSERTIONS = NO;
				ENABLE_STRICT_OBJC_MSGSEND = YES;
				GCC_C_LANGUAGE_STANDARD = gnu11;
				GCC_NO_COMMON_BLOCKS = YES;
				GCC_WARN_64_TO_32_BIT_CONVERSION = YES;
				GCC_WARN_ABOUT_RETURN_TYPE = YES_ERROR;
				GCC_WARN_UNDECLARED_SELECTOR = YES;
				GCC_WARN_UNINITIALIZED_AUTOS = YES_AGGRESSIVE;
				GCC_WARN_UNUSED_FUNCTION = YES;
				GCC_WARN_UNUSED_VARIABLE = YES;
				IPHONEOS_DEPLOYMENT_TARGET = 15.4;
				MTL_ENABLE_DEBUG_INFO = NO;
				MTL_FAST_MATH = YES;
				SDKROOT = iphoneos;
				SWIFT_COMPILATION_MODE = wholemodule;
				SWIFT_OPTIMIZATION_LEVEL = "-O";
				VALIDATE_PRODUCT = YES;
			};
			name = Release;
		};
		C1512C6D2822E0FE0008019D /* Debug */ = {
			isa = XCBuildConfiguration;
			buildSettings = {
				ASSETCATALOG_COMPILER_APPICON_NAME = AppIcon;
				ASSETCATALOG_COMPILER_GLOBAL_ACCENT_COLOR_NAME = AccentColor;
				CODE_SIGN_STYLE = Automatic;
				CURRENT_PROJECT_VERSION = 1;
				DEVELOPMENT_ASSET_PATHS = "\"ios-NC1-memochat/Preview Content\"";
				DEVELOPMENT_TEAM = 8S33AFXH4R;
				ENABLE_PREVIEWS = YES;
				GENERATE_INFOPLIST_FILE = YES;
				INFOPLIST_KEY_UIApplicationSceneManifest_Generation = YES;
				INFOPLIST_KEY_UIApplicationSupportsIndirectInputEvents = YES;
				INFOPLIST_KEY_UILaunchScreen_Generation = YES;
				INFOPLIST_KEY_UISupportedInterfaceOrientations_iPad = "UIInterfaceOrientationPortrait UIInterfaceOrientationPortraitUpsideDown UIInterfaceOrientationLandscapeLeft UIInterfaceOrientationLandscapeRight";
				INFOPLIST_KEY_UISupportedInterfaceOrientations_iPhone = "UIInterfaceOrientationPortrait UIInterfaceOrientationLandscapeLeft UIInterfaceOrientationLandscapeRight";
				LD_RUNPATH_SEARCH_PATHS = (
					"$(inherited)",
					"@executable_path/Frameworks",
				);
				MARKETING_VERSION = 1.0;
				PRODUCT_BUNDLE_IDENTIFIER = "myungjin.ios-NC1-memochat";
				PRODUCT_NAME = "$(TARGET_NAME)";
				SWIFT_EMIT_LOC_STRINGS = YES;
				SWIFT_VERSION = 5.0;
				TARGETED_DEVICE_FAMILY = "1,2";
			};
			name = Debug;
		};
		C1512C6E2822E0FE0008019D /* Release */ = {
			isa = XCBuildConfiguration;
			buildSettings = {
				ASSETCATALOG_COMPILER_APPICON_NAME = AppIcon;
				ASSETCATALOG_COMPILER_GLOBAL_ACCENT_COLOR_NAME = AccentColor;
				CODE_SIGN_STYLE = Automatic;
				CURRENT_PROJECT_VERSION = 1;
				DEVELOPMENT_ASSET_PATHS = "\"ios-NC1-memochat/Preview Content\"";
				DEVELOPMENT_TEAM = 8S33AFXH4R;
				ENABLE_PREVIEWS = YES;
				GENERATE_INFOPLIST_FILE = YES;
				INFOPLIST_KEY_UIApplicationSceneManifest_Generation = YES;
				INFOPLIST_KEY_UIApplicationSupportsIndirectInputEvents = YES;
				INFOPLIST_KEY_UILaunchScreen_Generation = YES;
				INFOPLIST_KEY_UISupportedInterfaceOrientations_iPad = "UIInterfaceOrientationPortrait UIInterfaceOrientationPortraitUpsideDown UIInterfaceOrientationLandscapeLeft UIInterfaceOrientationLandscapeRight";
				INFOPLIST_KEY_UISupportedInterfaceOrientations_iPhone = "UIInterfaceOrientationPortrait UIInterfaceOrientationLandscapeLeft UIInterfaceOrientationLandscapeRight";
				LD_RUNPATH_SEARCH_PATHS = (
					"$(inherited)",
					"@executable_path/Frameworks",
				);
				MARKETING_VERSION = 1.0;
				PRODUCT_BUNDLE_IDENTIFIER = "myungjin.ios-NC1-memochat";
				PRODUCT_NAME = "$(TARGET_NAME)";
				SWIFT_EMIT_LOC_STRINGS = YES;
				SWIFT_VERSION = 5.0;
				TARGETED_DEVICE_FAMILY = "1,2";
			};
			name = Release;
		};
/* End XCBuildConfiguration section */

/* Begin XCConfigurationList section */
		C1512C592822E0FE0008019D /* Build configuration list for PBXProject "ios-NC1-memochat" */ = {
			isa = XCConfigurationList;
			buildConfigurations = (
				C1512C6A2822E0FE0008019D /* Debug */,
				C1512C6B2822E0FE0008019D /* Release */,
			);
			defaultConfigurationIsVisible = 0;
			defaultConfigurationName = Release;
		};
		C1512C6C2822E0FE0008019D /* Build configuration list for PBXNativeTarget "ios-NC1-memochat" */ = {
			isa = XCConfigurationList;
			buildConfigurations = (
				C1512C6D2822E0FE0008019D /* Debug */,
				C1512C6E2822E0FE0008019D /* Release */,
			);
			defaultConfigurationIsVisible = 0;
			defaultConfigurationName = Release;
		};
/* End XCConfigurationList section */
	};
	rootObject = C1512C562822E0FE0008019D /* Project object */;
}
